
Microsoft Visual Studio Solution File, Format Version 12.00
# Visual Studio Version 16
VisualStudioVersion = 16.0.30621.155
MinimumVisualStudioVersion = 10.0.40219.1
Project("{9A19103F-16F7-4668-BE54-9A1E7A4F7556}") = "AllphiFleet", "AllphiFleet\AllphiFleet.csproj", "{81AAC8D2-A9A9-40A2-9F90-3444EC997B9D}"
EndProject
Project("{2150E333-8FDC-42A3-9474-1A3956D46DE8}") = "DataLayer", "DataLayer", "{39EF9D7A-1586-45EC-80D1-A77B4FDCFFE0}"
EndProject
Project("{2150E333-8FDC-42A3-9474-1A3956D46DE8}") = "ServiceLayer", "ServiceLayer", "{4061B1C1-EDDE-4A92-A185-CA90089BADEF}"
EndProject
Project("{2150E333-8FDC-42A3-9474-1A3956D46DE8}") = "FrontEnd", "FrontEnd", "{53B7A0F5-D169-451B-815A-5715243291BA}"
EndProject
Project("{9A19103F-16F7-4668-BE54-9A1E7A4F7556}") = "Services", "Services\Services.csproj", "{9EA9E4E2-D770-4768-AD67-2C5F2A6F92C5}"
EndProject
Project("{9A19103F-16F7-4668-BE54-9A1E7A4F7556}") = "DTO", "DTO\DTO.csproj", "{24031FE1-6ED0-4A4F-BEF2-2048D5F213A9}"
EndProject
Project("{9A19103F-16F7-4668-BE54-9A1E7A4F7556}") = "Repositories", "Repositories\Repositories.csproj", "{D4213B32-BDD8-4E9F-B3E8-73B41C18069C}"
EndProject
Project("{9A19103F-16F7-4668-BE54-9A1E7A4F7556}") = "Model", "Model\Model.csproj", "{62D5D275-1495-45B2-99BF-9AC63A6A5DA1}"
EndProject
Global
	GlobalSection(SolutionConfigurationPlatforms) = preSolution
		Debug|Any CPU = Debug|Any CPU
		Release|Any CPU = Release|Any CPU
	EndGlobalSection
	GlobalSection(ProjectConfigurationPlatforms) = postSolution
		{81AAC8D2-A9A9-40A2-9F90-3444EC997B9D}.Debug|Any CPU.ActiveCfg = Debug|Any CPU
		{81AAC8D2-A9A9-40A2-9F90-3444EC997B9D}.Debug|Any CPU.Build.0 = Debug|Any CPU
		{81AAC8D2-A9A9-40A2-9F90-3444EC997B9D}.Release|Any CPU.ActiveCfg = Release|Any CPU
		{81AAC8D2-A9A9-40A2-9F90-3444EC997B9D}.Release|Any CPU.Build.0 = Release|Any CPU
		{9EA9E4E2-D770-4768-AD67-2C5F2A6F92C5}.Debug|Any CPU.ActiveCfg = Debug|Any CPU
		{9EA9E4E2-D770-4768-AD67-2C5F2A6F92C5}.Debug|Any CPU.Build.0 = Debug|Any CPU
		{9EA9E4E2-D770-4768-AD67-2C5F2A6F92C5}.Release|Any CPU.ActiveCfg = Release|Any CPU
		{9EA9E4E2-D770-4768-AD67-2C5F2A6F92C5}.Release|Any CPU.Build.0 = Release|Any CPU
		{24031FE1-6ED0-4A4F-BEF2-2048D5F213A9}.Debug|Any CPU.ActiveCfg = Debug|Any CPU
		{24031FE1-6ED0-4A4F-BEF2-2048D5F213A9}.Debug|Any CPU.Build.0 = Debug|Any CPU
		{24031FE1-6ED0-4A4F-BEF2-2048D5F213A9}.Release|Any CPU.ActiveCfg = Release|Any CPU
		{24031FE1-6ED0-4A4F-BEF2-2048D5F213A9}.Release|Any CPU.Build.0 = Release|Any CPU
		{D4213B32-BDD8-4E9F-B3E8-73B41C18069C}.Debug|Any CPU.ActiveCfg = Debug|Any CPU
		{D4213B32-BDD8-4E9F-B3E8-73B41C18069C}.Debug|Any CPU.Build.0 = Debug|Any CPU
		{D4213B32-BDD8-4E9F-B3E8-73B41C18069C}.Release|Any CPU.ActiveCfg = Release|Any CPU
		{D4213B32-BDD8-4E9F-B3E8-73B41C18069C}.Release|Any CPU.Build.0 = Release|Any CPU
		{62D5D275-1495-45B2-99BF-9AC63A6A5DA1}.Debug|Any CPU.ActiveCfg = Debug|Any CPU
		{62D5D275-1495-45B2-99BF-9AC63A6A5DA1}.Debug|Any CPU.Build.0 = Debug|Any CPU
		{62D5D275-1495-45B2-99BF-9AC63A6A5DA1}.Release|Any CPU.ActiveCfg = Release|Any CPU
		{62D5D275-1495-45B2-99BF-9AC63A6A5DA1}.Release|Any CPU.Build.0 = Release|Any CPU
	EndGlobalSection
	GlobalSection(SolutionProperties) = preSolution
		HideSolutionNode = FALSE
	EndGlobalSection
	GlobalSection(NestedProjects) = preSolution
		{9EA9E4E2-D770-4768-AD67-2C5F2A6F92C5} = {4061B1C1-EDDE-4A92-A185-CA90089BADEF}
		{24031FE1-6ED0-4A4F-BEF2-2048D5F213A9} = {4061B1C1-EDDE-4A92-A185-CA90089BADEF}
		{D4213B32-BDD8-4E9F-B3E8-73B41C18069C} = {39EF9D7A-1586-45EC-80D1-A77B4FDCFFE0}
		{62D5D275-1495-45B2-99BF-9AC63A6A5DA1} = {39EF9D7A-1586-45EC-80D1-A77B4FDCFFE0}
	EndGlobalSection
	GlobalSection(ExtensibilityGlobals) = postSolution
		SolutionGuid = {62A4A7D0-82B1-4C6C-A606-D0BA075C79D2}
	EndGlobalSection
EndGlobal
