
Microsoft Visual Studio Solution File, Format Version 12.00
# Visual Studio Version 16
VisualStudioVersion = 16.0.30621.155
MinimumVisualStudioVersion = 10.0.40219.1
Project("{2150E333-8FDC-42A3-9474-1A3956D46DE8}") = "DataLayer", "DataLayer", "{39EF9D7A-1586-45EC-80D1-A77B4FDCFFE0}"
EndProject
Project("{2150E333-8FDC-42A3-9474-1A3956D46DE8}") = "ServiceLayer", "ServiceLayer", "{4061B1C1-EDDE-4A92-A185-CA90089BADEF}"
EndProject
Project("{2150E333-8FDC-42A3-9474-1A3956D46DE8}") = "FrontEnd", "FrontEnd", "{53B7A0F5-D169-451B-815A-5715243291BA}"
EndProject
Project("{9A19103F-16F7-4668-BE54-9A1E7A4F7556}") = "ReadRepositories", "Repositories\ReadRepositories.csproj", "{7DD552DA-A9E0-45F4-912F-9C3C96A04D4C}"
EndProject
Project("{9A19103F-16F7-4668-BE54-9A1E7A4F7556}") = "DTO", "DTO\DTO.csproj", "{29D87A13-CEDF-4EA4-976C-1A1AFCE4B227}"
EndProject
Project("{9A19103F-16F7-4668-BE54-9A1E7A4F7556}") = "ReadServices", "Services\ReadServices.csproj", "{2C47E972-693F-4B51-9AE3-2364A890EA06}"
EndProject
Project("{9A19103F-16F7-4668-BE54-9A1E7A4F7556}") = "ReadApi", "ReadApi\ReadApi.csproj", "{C701187F-2B01-4864-A357-2E2BAB4BF640}"
EndProject
Project("{9A19103F-16F7-4668-BE54-9A1E7A4F7556}") = "Models", "Models\Models.csproj", "{60207134-51E1-4399-BED1-A1ABF5344FB8}"
EndProject
Project("{9A19103F-16F7-4668-BE54-9A1E7A4F7556}") = "AngularFront", "AngularFront\AngularFront.csproj", "{CF00E5DE-0985-456D-9146-47A83F3EDAFA}"
EndProject
Project("{9A19103F-16F7-4668-BE54-9A1E7A4F7556}") = "WriteRepositories", "WriteRepositories\WriteRepositories.csproj", "{F1E67D04-C14E-4F2A-9F36-4C6B8A400A7C}"
EndProject
Project("{9A19103F-16F7-4668-BE54-9A1E7A4F7556}") = "Commands", "Commands\Commands.csproj", "{AA6BCEDC-CC8D-40A3-AEC9-3F12237DDCCE}"
EndProject
Project("{9A19103F-16F7-4668-BE54-9A1E7A4F7556}") = "WriteServices", "WriteServices\WriteServices.csproj", "{A5331709-7322-4FE2-9D84-80C684BB7578}"
EndProject
Project("{9A19103F-16F7-4668-BE54-9A1E7A4F7556}") = "Validation", "Validation\Validation.csproj", "{577F2B0E-F015-4429-84A2-E956588D50E2}"
EndProject
Project("{9A19103F-16F7-4668-BE54-9A1E7A4F7556}") = "WriteAPI", "WriteAPI\WriteAPI.csproj", "{CCB3E158-30DD-4B38-BCEA-9396138EC412}"
EndProject
Project("{9A19103F-16F7-4668-BE54-9A1E7A4F7556}") = "AuthApi", "AuthApi\AuthApi.csproj", "{BDDA6A6F-2B71-4A6D-B1C5-8BE6AB109D0A}"
EndProject
Project("{9A19103F-16F7-4668-BE54-9A1E7A4F7556}") = "oidcClient", "oidcClient\oidcClient.csproj", "{8F65D8DB-4FC4-44F3-B469-DA7C5E50FE98}"
EndProject
Project("{9A19103F-16F7-4668-BE54-9A1E7A4F7556}") = "WCFReadEntities", "WCFReadEntities\WCFReadEntities.csproj", "{A9A2C08B-677F-4381-B2B9-EE5923EE7783}"
EndProject
Project("{9A19103F-16F7-4668-BE54-9A1E7A4F7556}") = "WCFReadData", "WCFReadData\WCFReadData.csproj", "{8A3BC247-1602-4407-B082-FEFE7A07A82A}"
EndProject
Project("{FAE04EC0-301F-11D3-BF4B-00C04F79EFBC}") = "WCFReadServices", "WCFReadServices\WCFReadServices.csproj", "{9A66A35B-0786-4A2D-91D0-5BB50209C2D8}"
EndProject
Project("{FAE04EC0-301F-11D3-BF4B-00C04F79EFBC}") = "WCFReadClient", "WCFReadClient\WCFReadClient.csproj", "{7D184E74-0FC1-4C41-9EE8-6B2BB9433DA9}"
EndProject
Global
	GlobalSection(SolutionConfigurationPlatforms) = preSolution
		Debug|Any CPU = Debug|Any CPU
		Release|Any CPU = Release|Any CPU
	EndGlobalSection
	GlobalSection(ProjectConfigurationPlatforms) = postSolution
		{7DD552DA-A9E0-45F4-912F-9C3C96A04D4C}.Debug|Any CPU.ActiveCfg = Debug|Any CPU
		{7DD552DA-A9E0-45F4-912F-9C3C96A04D4C}.Debug|Any CPU.Build.0 = Debug|Any CPU
		{7DD552DA-A9E0-45F4-912F-9C3C96A04D4C}.Release|Any CPU.ActiveCfg = Release|Any CPU
		{7DD552DA-A9E0-45F4-912F-9C3C96A04D4C}.Release|Any CPU.Build.0 = Release|Any CPU
		{29D87A13-CEDF-4EA4-976C-1A1AFCE4B227}.Debug|Any CPU.ActiveCfg = Debug|Any CPU
		{29D87A13-CEDF-4EA4-976C-1A1AFCE4B227}.Debug|Any CPU.Build.0 = Debug|Any CPU
		{29D87A13-CEDF-4EA4-976C-1A1AFCE4B227}.Release|Any CPU.ActiveCfg = Release|Any CPU
		{29D87A13-CEDF-4EA4-976C-1A1AFCE4B227}.Release|Any CPU.Build.0 = Release|Any CPU
		{2C47E972-693F-4B51-9AE3-2364A890EA06}.Debug|Any CPU.ActiveCfg = Debug|Any CPU
		{2C47E972-693F-4B51-9AE3-2364A890EA06}.Debug|Any CPU.Build.0 = Debug|Any CPU
		{2C47E972-693F-4B51-9AE3-2364A890EA06}.Release|Any CPU.ActiveCfg = Release|Any CPU
		{2C47E972-693F-4B51-9AE3-2364A890EA06}.Release|Any CPU.Build.0 = Release|Any CPU
		{C701187F-2B01-4864-A357-2E2BAB4BF640}.Debug|Any CPU.ActiveCfg = Debug|Any CPU
		{C701187F-2B01-4864-A357-2E2BAB4BF640}.Debug|Any CPU.Build.0 = Debug|Any CPU
		{C701187F-2B01-4864-A357-2E2BAB4BF640}.Release|Any CPU.ActiveCfg = Release|Any CPU
		{C701187F-2B01-4864-A357-2E2BAB4BF640}.Release|Any CPU.Build.0 = Release|Any CPU
		{60207134-51E1-4399-BED1-A1ABF5344FB8}.Debug|Any CPU.ActiveCfg = Debug|Any CPU
		{60207134-51E1-4399-BED1-A1ABF5344FB8}.Debug|Any CPU.Build.0 = Debug|Any CPU
		{60207134-51E1-4399-BED1-A1ABF5344FB8}.Release|Any CPU.ActiveCfg = Release|Any CPU
		{60207134-51E1-4399-BED1-A1ABF5344FB8}.Release|Any CPU.Build.0 = Release|Any CPU
		{CF00E5DE-0985-456D-9146-47A83F3EDAFA}.Debug|Any CPU.ActiveCfg = Debug|Any CPU
		{CF00E5DE-0985-456D-9146-47A83F3EDAFA}.Debug|Any CPU.Build.0 = Debug|Any CPU
		{CF00E5DE-0985-456D-9146-47A83F3EDAFA}.Release|Any CPU.ActiveCfg = Release|Any CPU
		{CF00E5DE-0985-456D-9146-47A83F3EDAFA}.Release|Any CPU.Build.0 = Release|Any CPU
		{F1E67D04-C14E-4F2A-9F36-4C6B8A400A7C}.Debug|Any CPU.ActiveCfg = Debug|Any CPU
		{F1E67D04-C14E-4F2A-9F36-4C6B8A400A7C}.Debug|Any CPU.Build.0 = Debug|Any CPU
		{F1E67D04-C14E-4F2A-9F36-4C6B8A400A7C}.Release|Any CPU.ActiveCfg = Release|Any CPU
		{F1E67D04-C14E-4F2A-9F36-4C6B8A400A7C}.Release|Any CPU.Build.0 = Release|Any CPU
		{AA6BCEDC-CC8D-40A3-AEC9-3F12237DDCCE}.Debug|Any CPU.ActiveCfg = Debug|Any CPU
		{AA6BCEDC-CC8D-40A3-AEC9-3F12237DDCCE}.Debug|Any CPU.Build.0 = Debug|Any CPU
		{AA6BCEDC-CC8D-40A3-AEC9-3F12237DDCCE}.Release|Any CPU.ActiveCfg = Release|Any CPU
		{AA6BCEDC-CC8D-40A3-AEC9-3F12237DDCCE}.Release|Any CPU.Build.0 = Release|Any CPU
		{A5331709-7322-4FE2-9D84-80C684BB7578}.Debug|Any CPU.ActiveCfg = Debug|Any CPU
		{A5331709-7322-4FE2-9D84-80C684BB7578}.Debug|Any CPU.Build.0 = Debug|Any CPU
		{A5331709-7322-4FE2-9D84-80C684BB7578}.Release|Any CPU.ActiveCfg = Release|Any CPU
		{A5331709-7322-4FE2-9D84-80C684BB7578}.Release|Any CPU.Build.0 = Release|Any CPU
		{577F2B0E-F015-4429-84A2-E956588D50E2}.Debug|Any CPU.ActiveCfg = Debug|Any CPU
		{577F2B0E-F015-4429-84A2-E956588D50E2}.Debug|Any CPU.Build.0 = Debug|Any CPU
		{577F2B0E-F015-4429-84A2-E956588D50E2}.Release|Any CPU.ActiveCfg = Release|Any CPU
		{577F2B0E-F015-4429-84A2-E956588D50E2}.Release|Any CPU.Build.0 = Release|Any CPU
		{CCB3E158-30DD-4B38-BCEA-9396138EC412}.Debug|Any CPU.ActiveCfg = Debug|Any CPU
		{CCB3E158-30DD-4B38-BCEA-9396138EC412}.Debug|Any CPU.Build.0 = Debug|Any CPU
		{CCB3E158-30DD-4B38-BCEA-9396138EC412}.Release|Any CPU.ActiveCfg = Release|Any CPU
		{CCB3E158-30DD-4B38-BCEA-9396138EC412}.Release|Any CPU.Build.0 = Release|Any CPU
		{BDDA6A6F-2B71-4A6D-B1C5-8BE6AB109D0A}.Debug|Any CPU.ActiveCfg = Debug|Any CPU
		{BDDA6A6F-2B71-4A6D-B1C5-8BE6AB109D0A}.Debug|Any CPU.Build.0 = Debug|Any CPU
		{BDDA6A6F-2B71-4A6D-B1C5-8BE6AB109D0A}.Release|Any CPU.ActiveCfg = Release|Any CPU
		{BDDA6A6F-2B71-4A6D-B1C5-8BE6AB109D0A}.Release|Any CPU.Build.0 = Release|Any CPU
		{8F65D8DB-4FC4-44F3-B469-DA7C5E50FE98}.Debug|Any CPU.ActiveCfg = Debug|Any CPU
		{8F65D8DB-4FC4-44F3-B469-DA7C5E50FE98}.Debug|Any CPU.Build.0 = Debug|Any CPU
		{8F65D8DB-4FC4-44F3-B469-DA7C5E50FE98}.Release|Any CPU.ActiveCfg = Release|Any CPU
		{8F65D8DB-4FC4-44F3-B469-DA7C5E50FE98}.Release|Any CPU.Build.0 = Release|Any CPU
		{A9A2C08B-677F-4381-B2B9-EE5923EE7783}.Debug|Any CPU.ActiveCfg = Debug|Any CPU
		{A9A2C08B-677F-4381-B2B9-EE5923EE7783}.Debug|Any CPU.Build.0 = Debug|Any CPU
		{A9A2C08B-677F-4381-B2B9-EE5923EE7783}.Release|Any CPU.ActiveCfg = Release|Any CPU
		{A9A2C08B-677F-4381-B2B9-EE5923EE7783}.Release|Any CPU.Build.0 = Release|Any CPU
		{8A3BC247-1602-4407-B082-FEFE7A07A82A}.Debug|Any CPU.ActiveCfg = Debug|Any CPU
		{8A3BC247-1602-4407-B082-FEFE7A07A82A}.Debug|Any CPU.Build.0 = Debug|Any CPU
		{8A3BC247-1602-4407-B082-FEFE7A07A82A}.Release|Any CPU.ActiveCfg = Release|Any CPU
		{8A3BC247-1602-4407-B082-FEFE7A07A82A}.Release|Any CPU.Build.0 = Release|Any CPU
		{9A66A35B-0786-4A2D-91D0-5BB50209C2D8}.Debug|Any CPU.ActiveCfg = Debug|Any CPU
		{9A66A35B-0786-4A2D-91D0-5BB50209C2D8}.Debug|Any CPU.Build.0 = Debug|Any CPU
		{9A66A35B-0786-4A2D-91D0-5BB50209C2D8}.Release|Any CPU.ActiveCfg = Release|Any CPU
		{9A66A35B-0786-4A2D-91D0-5BB50209C2D8}.Release|Any CPU.Build.0 = Release|Any CPU
		{7D184E74-0FC1-4C41-9EE8-6B2BB9433DA9}.Debug|Any CPU.ActiveCfg = Debug|Any CPU
		{7D184E74-0FC1-4C41-9EE8-6B2BB9433DA9}.Debug|Any CPU.Build.0 = Debug|Any CPU
		{7D184E74-0FC1-4C41-9EE8-6B2BB9433DA9}.Release|Any CPU.ActiveCfg = Release|Any CPU
		{7D184E74-0FC1-4C41-9EE8-6B2BB9433DA9}.Release|Any CPU.Build.0 = Release|Any CPU
	EndGlobalSection
	GlobalSection(SolutionProperties) = preSolution
		HideSolutionNode = FALSE
	EndGlobalSection
	GlobalSection(NestedProjects) = preSolution
		{7DD552DA-A9E0-45F4-912F-9C3C96A04D4C} = {39EF9D7A-1586-45EC-80D1-A77B4FDCFFE0}
		{29D87A13-CEDF-4EA4-976C-1A1AFCE4B227} = {4061B1C1-EDDE-4A92-A185-CA90089BADEF}
		{2C47E972-693F-4B51-9AE3-2364A890EA06} = {4061B1C1-EDDE-4A92-A185-CA90089BADEF}
		{C701187F-2B01-4864-A357-2E2BAB4BF640} = {53B7A0F5-D169-451B-815A-5715243291BA}
		{60207134-51E1-4399-BED1-A1ABF5344FB8} = {39EF9D7A-1586-45EC-80D1-A77B4FDCFFE0}
		{F1E67D04-C14E-4F2A-9F36-4C6B8A400A7C} = {39EF9D7A-1586-45EC-80D1-A77B4FDCFFE0}
		{AA6BCEDC-CC8D-40A3-AEC9-3F12237DDCCE} = {4061B1C1-EDDE-4A92-A185-CA90089BADEF}
		{A5331709-7322-4FE2-9D84-80C684BB7578} = {4061B1C1-EDDE-4A92-A185-CA90089BADEF}
		{577F2B0E-F015-4429-84A2-E956588D50E2} = {4061B1C1-EDDE-4A92-A185-CA90089BADEF}
		{CCB3E158-30DD-4B38-BCEA-9396138EC412} = {53B7A0F5-D169-451B-815A-5715243291BA}
		{BDDA6A6F-2B71-4A6D-B1C5-8BE6AB109D0A} = {53B7A0F5-D169-451B-815A-5715243291BA}
	EndGlobalSection
	GlobalSection(ExtensibilityGlobals) = postSolution
		SolutionGuid = {62A4A7D0-82B1-4C6C-A606-D0BA075C79D2}
	EndGlobalSection
EndGlobal
