
Microsoft Visual Studio Solution File, Format Version 12.00
# Visual Studio Version 16
VisualStudioVersion = 16.0.30621.155
MinimumVisualStudioVersion = 10.0.40219.1
Project("{2150E333-8FDC-42A3-9474-1A3956D46DE8}") = "DataLayer", "DataLayer", "{39EF9D7A-1586-45EC-80D1-A77B4FDCFFE0}"
EndProject
Project("{2150E333-8FDC-42A3-9474-1A3956D46DE8}") = "ServiceLayer", "ServiceLayer", "{4061B1C1-EDDE-4A92-A185-CA90089BADEF}"
EndProject
Project("{2150E333-8FDC-42A3-9474-1A3956D46DE8}") = "FrontEnd", "FrontEnd", "{53B7A0F5-D169-451B-815A-5715243291BA}"
EndProject
Project("{9A19103F-16F7-4668-BE54-9A1E7A4F7556}") = "Repositories", "Repositories\Repositories.csproj", "{7DD552DA-A9E0-45F4-912F-9C3C96A04D4C}"
EndProject
Project("{9A19103F-16F7-4668-BE54-9A1E7A4F7556}") = "DTO", "DTO\DTO.csproj", "{29D87A13-CEDF-4EA4-976C-1A1AFCE4B227}"
EndProject
Project("{9A19103F-16F7-4668-BE54-9A1E7A4F7556}") = "Services", "Services\Services.csproj", "{2C47E972-693F-4B51-9AE3-2364A890EA06}"
EndProject
Project("{9A19103F-16F7-4668-BE54-9A1E7A4F7556}") = "ReadApi", "ReadApi\ReadApi.csproj", "{C701187F-2B01-4864-A357-2E2BAB4BF640}"
EndProject
Project("{9A19103F-16F7-4668-BE54-9A1E7A4F7556}") = "Models", "Models\Models.csproj", "{60207134-51E1-4399-BED1-A1ABF5344FB8}"
EndProject
Project("{9A19103F-16F7-4668-BE54-9A1E7A4F7556}") = "WriteAPI", "WriteAPI\WriteAPI.csproj", "{97DD1E8A-5372-44AE-BCB3-9CD9BEDD0D16}"
EndProject
Project("{FAE04EC0-301F-11D3-BF4B-00C04F79EFBC}") = "AngularFront", "AngularFront\AngularFront.csproj", "{CF00E5DE-0985-456D-9146-47A83F3EDAFA}"
EndProject
Global
	GlobalSection(SolutionConfigurationPlatforms) = preSolution
		Debug|Any CPU = Debug|Any CPU
		Release|Any CPU = Release|Any CPU
	EndGlobalSection
	GlobalSection(ProjectConfigurationPlatforms) = postSolution
		{7DD552DA-A9E0-45F4-912F-9C3C96A04D4C}.Debug|Any CPU.ActiveCfg = Debug|Any CPU
		{7DD552DA-A9E0-45F4-912F-9C3C96A04D4C}.Debug|Any CPU.Build.0 = Debug|Any CPU
		{7DD552DA-A9E0-45F4-912F-9C3C96A04D4C}.Release|Any CPU.ActiveCfg = Release|Any CPU
		{7DD552DA-A9E0-45F4-912F-9C3C96A04D4C}.Release|Any CPU.Build.0 = Release|Any CPU
		{29D87A13-CEDF-4EA4-976C-1A1AFCE4B227}.Debug|Any CPU.ActiveCfg = Debug|Any CPU
		{29D87A13-CEDF-4EA4-976C-1A1AFCE4B227}.Debug|Any CPU.Build.0 = Debug|Any CPU
		{29D87A13-CEDF-4EA4-976C-1A1AFCE4B227}.Release|Any CPU.ActiveCfg = Release|Any CPU
		{29D87A13-CEDF-4EA4-976C-1A1AFCE4B227}.Release|Any CPU.Build.0 = Release|Any CPU
		{2C47E972-693F-4B51-9AE3-2364A890EA06}.Debug|Any CPU.ActiveCfg = Debug|Any CPU
		{2C47E972-693F-4B51-9AE3-2364A890EA06}.Debug|Any CPU.Build.0 = Debug|Any CPU
		{2C47E972-693F-4B51-9AE3-2364A890EA06}.Release|Any CPU.ActiveCfg = Release|Any CPU
		{2C47E972-693F-4B51-9AE3-2364A890EA06}.Release|Any CPU.Build.0 = Release|Any CPU
		{C701187F-2B01-4864-A357-2E2BAB4BF640}.Debug|Any CPU.ActiveCfg = Debug|Any CPU
		{C701187F-2B01-4864-A357-2E2BAB4BF640}.Debug|Any CPU.Build.0 = Debug|Any CPU
		{C701187F-2B01-4864-A357-2E2BAB4BF640}.Release|Any CPU.ActiveCfg = Release|Any CPU
		{C701187F-2B01-4864-A357-2E2BAB4BF640}.Release|Any CPU.Build.0 = Release|Any CPU
		{60207134-51E1-4399-BED1-A1ABF5344FB8}.Debug|Any CPU.ActiveCfg = Debug|Any CPU
		{60207134-51E1-4399-BED1-A1ABF5344FB8}.Debug|Any CPU.Build.0 = Debug|Any CPU
		{60207134-51E1-4399-BED1-A1ABF5344FB8}.Release|Any CPU.ActiveCfg = Release|Any CPU
		{60207134-51E1-4399-BED1-A1ABF5344FB8}.Release|Any CPU.Build.0 = Release|Any CPU
		{97DD1E8A-5372-44AE-BCB3-9CD9BEDD0D16}.Debug|Any CPU.ActiveCfg = Debug|Any CPU
		{97DD1E8A-5372-44AE-BCB3-9CD9BEDD0D16}.Debug|Any CPU.Build.0 = Debug|Any CPU
		{97DD1E8A-5372-44AE-BCB3-9CD9BEDD0D16}.Release|Any CPU.ActiveCfg = Release|Any CPU
		{97DD1E8A-5372-44AE-BCB3-9CD9BEDD0D16}.Release|Any CPU.Build.0 = Release|Any CPU
		{CF00E5DE-0985-456D-9146-47A83F3EDAFA}.Debug|Any CPU.ActiveCfg = Debug|Any CPU
		{CF00E5DE-0985-456D-9146-47A83F3EDAFA}.Debug|Any CPU.Build.0 = Debug|Any CPU
		{CF00E5DE-0985-456D-9146-47A83F3EDAFA}.Release|Any CPU.ActiveCfg = Release|Any CPU
		{CF00E5DE-0985-456D-9146-47A83F3EDAFA}.Release|Any CPU.Build.0 = Release|Any CPU
	EndGlobalSection
	GlobalSection(SolutionProperties) = preSolution
		HideSolutionNode = FALSE
	EndGlobalSection
	GlobalSection(NestedProjects) = preSolution
		{7DD552DA-A9E0-45F4-912F-9C3C96A04D4C} = {39EF9D7A-1586-45EC-80D1-A77B4FDCFFE0}
		{29D87A13-CEDF-4EA4-976C-1A1AFCE4B227} = {4061B1C1-EDDE-4A92-A185-CA90089BADEF}
		{2C47E972-693F-4B51-9AE3-2364A890EA06} = {4061B1C1-EDDE-4A92-A185-CA90089BADEF}
		{C701187F-2B01-4864-A357-2E2BAB4BF640} = {53B7A0F5-D169-451B-815A-5715243291BA}
		{60207134-51E1-4399-BED1-A1ABF5344FB8} = {39EF9D7A-1586-45EC-80D1-A77B4FDCFFE0}
	EndGlobalSection
	GlobalSection(ExtensibilityGlobals) = postSolution
		SolutionGuid = {62A4A7D0-82B1-4C6C-A606-D0BA075C79D2}
	EndGlobalSection
EndGlobal
